// !$*UTF8*$!
{
	archiveVersion = 1;
	classes = {
	};
	objectVersion = 77;
	objects = {

/* Begin PBXBuildFile section */
		AC27132E2EE12A73007C9A64 /* PostgREST in Frameworks */ = {isa = PBXBuildFile; productRef = AC27132D2EE12A73007C9A64 /* PostgREST */; };
		AC27133A2EE12B85007C9A64 /* RootView.swift in Sources */ = {isa = PBXBuildFile; fileRef = AC2713392EE12B85007C9A64 /* RootView.swift */; };
		AC27133C2EE12BA2007C9A64 /* NewMessageView.swift in Sources */ = {isa = PBXBuildFile; fileRef = AC27133B2EE12BA2007C9A64 /* NewMessageView.swift */; };
		AC27133E2EE12BC8007C9A64 /* MessageDetailView.swift in Sources */ = {isa = PBXBuildFile; fileRef = AC27133D2EE12BC8007C9A64 /* MessageDetailView.swift */; };
		AC2713422EE199D6007C9A64 /* Auth in Frameworks */ = {isa = PBXBuildFile; productRef = AC2713412EE199D6007C9A64 /* Auth */; };
		AC2713482EE19ADB007C9A64 /* AuthView.swift in Sources */ = {isa = PBXBuildFile; fileRef = AC2713472EE19ADB007C9A64 /* AuthView.swift */; };
		AC27134B2EE19C7D007C9A64 /* Supabase in Frameworks */ = {isa = PBXBuildFile; productRef = AC27134A2EE19C7D007C9A64 /* Supabase */; };
		AC27134D2EE19E5C007C9A64 /* MyMessagesView.swift in Sources */ = {isa = PBXBuildFile; fileRef = AC27134C2EE19E5C007C9A64 /* MyMessagesView.swift */; };
		AC2713612EE40437007C9A64 /* SettingsView.swift in Sources */ = {isa = PBXBuildFile; fileRef = AC2713602EE40437007C9A64 /* SettingsView.swift */; };
		AC739A532EE54CDD00FFD594 /* UnlockView.swift in Sources */ = {isa = PBXBuildFile; fileRef = AC739A522EE54CDD00FFD594 /* UnlockView.swift */; };
		AC739A552EE54CF500FFD594 /* StealSuccessView.swift in Sources */ = {isa = PBXBuildFile; fileRef = AC739A542EE54CF500FFD594 /* StealSuccessView.swift */; };
		AC739A572EE5528D00FFD594 /* PreviewMessageView.swift in Sources */ = {isa = PBXBuildFile; fileRef = AC739A562EE5528D00FFD594 /* PreviewMessageView.swift */; };
/* End PBXBuildFile section */

/* Begin PBXFileReference section */
		AC27131E2EE12880007C9A64 /* aikotoba.app */ = {isa = PBXFileReference; explicitFileType = wrapper.application; includeInIndex = 0; path = aikotoba.app; sourceTree = BUILT_PRODUCTS_DIR; };
		AC2713392EE12B85007C9A64 /* RootView.swift */ = {isa = PBXFileReference; lastKnownFileType = sourcecode.swift; path = RootView.swift; sourceTree = "<group>"; };
		AC27133B2EE12BA2007C9A64 /* NewMessageView.swift */ = {isa = PBXFileReference; lastKnownFileType = sourcecode.swift; path = NewMessageView.swift; sourceTree = "<group>"; };
		AC27133D2EE12BC8007C9A64 /* MessageDetailView.swift */ = {isa = PBXFileReference; lastKnownFileType = sourcecode.swift; path = MessageDetailView.swift; sourceTree = "<group>"; };
		AC2713472EE19ADB007C9A64 /* AuthView.swift */ = {isa = PBXFileReference; lastKnownFileType = sourcecode.swift; path = AuthView.swift; sourceTree = "<group>"; };
		AC27134C2EE19E5C007C9A64 /* MyMessagesView.swift */ = {isa = PBXFileReference; lastKnownFileType = sourcecode.swift; path = MyMessagesView.swift; sourceTree = "<group>"; };
		AC2713602EE40437007C9A64 /* SettingsView.swift */ = {isa = PBXFileReference; lastKnownFileType = sourcecode.swift; path = SettingsView.swift; sourceTree = "<group>"; };
		AC739A522EE54CDD00FFD594 /* UnlockView.swift */ = {isa = PBXFileReference; lastKnownFileType = sourcecode.swift; path = UnlockView.swift; sourceTree = "<group>"; };
		AC739A542EE54CF500FFD594 /* StealSuccessView.swift */ = {isa = PBXFileReference; lastKnownFileType = sourcecode.swift; path = StealSuccessView.swift; sourceTree = "<group>"; };
		AC739A562EE5528D00FFD594 /* PreviewMessageView.swift */ = {isa = PBXFileReference; lastKnownFileType = sourcecode.swift; path = PreviewMessageView.swift; sourceTree = "<group>"; };
/* End PBXFileReference section */

/* Begin PBXFileSystemSynchronizedRootGroup section */
		AC2713202EE12880007C9A64 /* file */ = {
			isa = PBXFileSystemSynchronizedRootGroup;
			path = file;
			sourceTree = "<group>";
		};
/* End PBXFileSystemSynchronizedRootGroup section */

/* Begin PBXFrameworksBuildPhase section */
		AC27131B2EE12880007C9A64 /* Frameworks */ = {
			isa = PBXFrameworksBuildPhase;
			buildActionMask = 2147483647;
			files = (
				AC2713422EE199D6007C9A64 /* Auth in Frameworks */,
				AC27132E2EE12A73007C9A64 /* PostgREST in Frameworks */,
				AC27134B2EE19C7D007C9A64 /* Supabase in Frameworks */,
			);
			runOnlyForDeploymentPostprocessing = 0;
		};
/* End PBXFrameworksBuildPhase section */

/* Begin PBXGroup section */
		AC2713152EE12880007C9A64 = {
			isa = PBXGroup;
			children = (
				AC2713382EE12B56007C9A64 /* UI */,
				AC2713202EE12880007C9A64 /* file */,
				AC2713492EE19C7D007C9A64 /* Frameworks */,
				AC27131F2EE12880007C9A64 /* Products */,
			);
			sourceTree = "<group>";
		};
		AC27131F2EE12880007C9A64 /* Products */ = {
			isa = PBXGroup;
			children = (
				AC27131E2EE12880007C9A64 /* aikotoba.app */,
			);
			name = Products;
			sourceTree = "<group>";
		};
		AC2713382EE12B56007C9A64 /* UI */ = {
			isa = PBXGroup;
			children = (
				AC2713392EE12B85007C9A64 /* RootView.swift */,
				AC27133B2EE12BA2007C9A64 /* NewMessageView.swift */,
				AC27133D2EE12BC8007C9A64 /* MessageDetailView.swift */,
				AC2713472EE19ADB007C9A64 /* AuthView.swift */,
				AC27134C2EE19E5C007C9A64 /* MyMessagesView.swift */,
				AC2713602EE40437007C9A64 /* SettingsView.swift */,
				AC739A522EE54CDD00FFD594 /* UnlockView.swift */,
				AC739A542EE54CF500FFD594 /* StealSuccessView.swift */,
				AC739A562EE5528D00FFD594 /* PreviewMessageView.swift */,
			);
			path = UI;
			sourceTree = "<group>";
		};
		AC2713492EE19C7D007C9A64 /* Frameworks */ = {
			isa = PBXGroup;
			children = (
			);
			name = Frameworks;
			sourceTree = "<group>";
		};
/* End PBXGroup section */

/* Begin PBXNativeTarget section */
		AC27131D2EE12880007C9A64 /* aikotoba */ = {
			isa = PBXNativeTarget;
			buildConfigurationList = AC2713292EE12881007C9A64 /* Build configuration list for PBXNativeTarget "aikotoba" */;
			buildPhases = (
				AC27131A2EE12880007C9A64 /* Sources */,
				AC27131B2EE12880007C9A64 /* Frameworks */,
				AC27131C2EE12880007C9A64 /* Resources */,
			);
			buildRules = (
			);
			dependencies = (
			);
			fileSystemSynchronizedGroups = (
				AC2713202EE12880007C9A64 /* file */,
			);
			name = aikotoba;
			packageProductDependencies = (
				AC27132D2EE12A73007C9A64 /* PostgREST */,
				AC2713412EE199D6007C9A64 /* Auth */,
				AC27134A2EE19C7D007C9A64 /* Supabase */,
			);
			productName = aikotoba;
			productReference = AC27131E2EE12880007C9A64 /* aikotoba.app */;
			productType = "com.apple.product-type.application";
		};
/* End PBXNativeTarget section */

/* Begin PBXProject section */
		AC2713162EE12880007C9A64 /* Project object */ = {
			isa = PBXProject;
			attributes = {
				BuildIndependentTargetsInParallel = 1;
				LastSwiftUpdateCheck = 2600;
				LastUpgradeCheck = 2600;
				TargetAttributes = {
					AC27131D2EE12880007C9A64 = {
						CreatedOnToolsVersion = 26.0.1;
					};
				};
			};
			buildConfigurationList = AC2713192EE12880007C9A64 /* Build configuration list for PBXProject "aikotoba" */;
			developmentRegion = en;
			hasScannedForEncodings = 0;
			knownRegions = (
				en,
				Base,
			);
			mainGroup = AC2713152EE12880007C9A64;
			minimizedProjectReferenceProxies = 1;
			packageReferences = (
				AC27132C2EE12A73007C9A64 /* XCRemoteSwiftPackageReference "supabase-swift" */,
			);
			preferredProjectObjectVersion = 77;
			productRefGroup = AC27131F2EE12880007C9A64 /* Products */;
			projectDirPath = "";
			projectRoot = "";
			targets = (
				AC27131D2EE12880007C9A64 /* aikotoba */,
			);
		};
/* End PBXProject section */

/* Begin PBXResourcesBuildPhase section */
		AC27131C2EE12880007C9A64 /* Resources */ = {
			isa = PBXResourcesBuildPhase;
			buildActionMask = 2147483647;
			files = (
			);
			runOnlyForDeploymentPostprocessing = 0;
		};
/* End PBXResourcesBuildPhase section */

/* Begin PBXSourcesBuildPhase section */
		AC27131A2EE12880007C9A64 /* Sources */ = {
			isa = PBXSourcesBuildPhase;
			buildActionMask = 2147483647;
			files = (
				AC2713482EE19ADB007C9A64 /* AuthView.swift in Sources */,
				AC739A572EE5528D00FFD594 /* PreviewMessageView.swift in Sources */,
				AC27133C2EE12BA2007C9A64 /* NewMessageView.swift in Sources */,
				AC2713612EE40437007C9A64 /* SettingsView.swift in Sources */,
				AC27133A2EE12B85007C9A64 /* RootView.swift in Sources */,
				AC27133E2EE12BC8007C9A64 /* MessageDetailView.swift in Sources */,
				AC27134D2EE19E5C007C9A64 /* MyMessagesView.swift in Sources */,
				AC739A552EE54CF500FFD594 /* StealSuccessView.swift in Sources */,
				AC739A532EE54CDD00FFD594 /* UnlockView.swift in Sources */,
			);
			runOnlyForDeploymentPostprocessing = 0;
		};
/* End PBXSourcesBuildPhase section */

/* Begin XCBuildConfiguration section */
		AC2713272EE12881007C9A64 /* Debug */ = {
			isa = XCBuildConfiguration;
			buildSettings = {
				ALWAYS_SEARCH_USER_PATHS = NO;
				ASSETCATALOG_COMPILER_GENERATE_SWIFT_ASSET_SYMBOL_EXTENSIONS = YES;
				CLANG_ANALYZER_NONNULL = YES;
				CLANG_ANALYZER_NUMBER_OBJECT_CONVERSION = YES_AGGRESSIVE;
				CLANG_CXX_LANGUAGE_STANDARD = "gnu++20";
				CLANG_ENABLE_MODULES = YES;
				CLANG_ENABLE_OBJC_ARC = YES;
				CLANG_ENABLE_OBJC_WEAK = YES;
				CLANG_WARN_BLOCK_CAPTURE_AUTORELEASING = YES;
				CLANG_WARN_BOOL_CONVERSION = YES;
				CLANG_WARN_COMMA = YES;
				CLANG_WARN_CONSTANT_CONVERSION = YES;
				CLANG_WARN_DEPRECATED_OBJC_IMPLEMENTATIONS = YES;
				CLANG_WARN_DIRECT_OBJC_ISA_USAGE = YES_ERROR;
				CLANG_WARN_DOCUMENTATION_COMMENTS = YES;
				CLANG_WARN_EMPTY_BODY = YES;
				CLANG_WARN_ENUM_CONVERSION = YES;
				CLANG_WARN_INFINITE_RECURSION = YES;
				CLANG_WARN_INT_CONVERSION = YES;
				CLANG_WARN_NON_LITERAL_NULL_CONVERSION = YES;
				CLANG_WARN_OBJC_IMPLICIT_RETAIN_SELF = YES;
				CLANG_WARN_OBJC_LITERAL_CONVERSION = YES;
				CLANG_WARN_OBJC_ROOT_CLASS = YES_ERROR;
				CLANG_WARN_QUOTED_INCLUDE_IN_FRAMEWORK_HEADER = YES;
				CLANG_WARN_RANGE_LOOP_ANALYSIS = YES;
				CLANG_WARN_STRICT_PROTOTYPES = YES;
				CLANG_WARN_SUSPICIOUS_MOVE = YES;
				CLANG_WARN_UNGUARDED_AVAILABILITY = YES_AGGRESSIVE;
				CLANG_WARN_UNREACHABLE_CODE = YES;
				CLANG_WARN__DUPLICATE_METHOD_MATCH = YES;
				COPY_PHASE_STRIP = NO;
				DEBUG_INFORMATION_FORMAT = dwarf;
				ENABLE_STRICT_OBJC_MSGSEND = YES;
				ENABLE_TESTABILITY = YES;
				ENABLE_USER_SCRIPT_SANDBOXING = YES;
				GCC_C_LANGUAGE_STANDARD = gnu17;
				GCC_DYNAMIC_NO_PIC = NO;
				GCC_NO_COMMON_BLOCKS = YES;
				GCC_OPTIMIZATION_LEVEL = 0;
				GCC_PREPROCESSOR_DEFINITIONS = (
					"DEBUG=1",
					"$(inherited)",
				);
				GCC_WARN_64_TO_32_BIT_CONVERSION = YES;
				GCC_WARN_ABOUT_RETURN_TYPE = YES_ERROR;
				GCC_WARN_UNDECLARED_SELECTOR = YES;
				GCC_WARN_UNINITIALIZED_AUTOS = YES_AGGRESSIVE;
				GCC_WARN_UNUSED_FUNCTION = YES;
				GCC_WARN_UNUSED_VARIABLE = YES;
				IPHONEOS_DEPLOYMENT_TARGET = 26.0;
				LOCALIZATION_PREFERS_STRING_CATALOGS = YES;
				MTL_ENABLE_DEBUG_INFO = INCLUDE_SOURCE;
				MTL_FAST_MATH = YES;
				ONLY_ACTIVE_ARCH = YES;
				SDKROOT = iphoneos;
				SWIFT_ACTIVE_COMPILATION_CONDITIONS = "DEBUG $(inherited)";
				SWIFT_OPTIMIZATION_LEVEL = "-Onone";
			};
			name = Debug;
		};
		AC2713282EE12881007C9A64 /* Release */ = {
			isa = XCBuildConfiguration;
			buildSettings = {
				ALWAYS_SEARCH_USER_PATHS = NO;
				ASSETCATALOG_COMPILER_GENERATE_SWIFT_ASSET_SYMBOL_EXTENSIONS = YES;
				CLANG_ANALYZER_NONNULL = YES;
				CLANG_ANALYZER_NUMBER_OBJECT_CONVERSION = YES_AGGRESSIVE;
				CLANG_CXX_LANGUAGE_STANDARD = "gnu++20";
				CLANG_ENABLE_MODULES = YES;
				CLANG_ENABLE_OBJC_ARC = YES;
				CLANG_ENABLE_OBJC_WEAK = YES;
				CLANG_WARN_BLOCK_CAPTURE_AUTORELEASING = YES;
				CLANG_WARN_BOOL_CONVERSION = YES;
				CLANG_WARN_COMMA = YES;
				CLANG_WARN_CONSTANT_CONVERSION = YES;
				CLANG_WARN_DEPRECATED_OBJC_IMPLEMENTATIONS = YES;
				CLANG_WARN_DIRECT_OBJC_ISA_USAGE = YES_ERROR;
				CLANG_WARN_DOCUMENTATION_COMMENTS = YES;
				CLANG_WARN_EMPTY_BODY = YES;
				CLANG_WARN_ENUM_CONVERSION = YES;
				CLANG_WARN_INFINITE_RECURSION = YES;
				CLANG_WARN_INT_CONVERSION = YES;
				CLANG_WARN_NON_LITERAL_NULL_CONVERSION = YES;
				CLANG_WARN_OBJC_IMPLICIT_RETAIN_SELF = YES;
				CLANG_WARN_OBJC_LITERAL_CONVERSION = YES;
				CLANG_WARN_OBJC_ROOT_CLASS = YES_ERROR;
				CLANG_WARN_QUOTED_INCLUDE_IN_FRAMEWORK_HEADER = YES;
				CLANG_WARN_RANGE_LOOP_ANALYSIS = YES;
				CLANG_WARN_STRICT_PROTOTYPES = YES;
				CLANG_WARN_SUSPICIOUS_MOVE = YES;
				CLANG_WARN_UNGUARDED_AVAILABILITY = YES_AGGRESSIVE;
				CLANG_WARN_UNREACHABLE_CODE = YES;
				CLANG_WARN__DUPLICATE_METHOD_MATCH = YES;
				COPY_PHASE_STRIP = NO;
				DEBUG_INFORMATION_FORMAT = "dwarf-with-dsym";
				ENABLE_NS_ASSERTIONS = NO;
				ENABLE_STRICT_OBJC_MSGSEND = YES;
				ENABLE_USER_SCRIPT_SANDBOXING = YES;
				GCC_C_LANGUAGE_STANDARD = gnu17;
				GCC_NO_COMMON_BLOCKS = YES;
				GCC_WARN_64_TO_32_BIT_CONVERSION = YES;
				GCC_WARN_ABOUT_RETURN_TYPE = YES_ERROR;
				GCC_WARN_UNDECLARED_SELECTOR = YES;
				GCC_WARN_UNINITIALIZED_AUTOS = YES_AGGRESSIVE;
				GCC_WARN_UNUSED_FUNCTION = YES;
				GCC_WARN_UNUSED_VARIABLE = YES;
				IPHONEOS_DEPLOYMENT_TARGET = 26.0;
				LOCALIZATION_PREFERS_STRING_CATALOGS = YES;
				MTL_ENABLE_DEBUG_INFO = NO;
				MTL_FAST_MATH = YES;
				SDKROOT = iphoneos;
				SWIFT_COMPILATION_MODE = wholemodule;
				VALIDATE_PRODUCT = YES;
			};
			name = Release;
		};
		AC27132A2EE12881007C9A64 /* Debug */ = {
			isa = XCBuildConfiguration;
			buildSettings = {
				ASSETCATALOG_COMPILER_APPICON_NAME = AppIcon;
				ASSETCATALOG_COMPILER_GLOBAL_ACCENT_COLOR_NAME = AccentColor;
				CODE_SIGN_STYLE = Automatic;
				CURRENT_PROJECT_VERSION = 1;
				DEVELOPMENT_TEAM = WM7939G226;
				ENABLE_PREVIEWS = YES;
				GENERATE_INFOPLIST_FILE = YES;
				INFOPLIST_KEY_NSMicrophoneUsageDescription = "ボイスメッセージを録音するために使用します";
				INFOPLIST_KEY_NSPhotoLibraryUsageDescription = "投稿する画像を選択するために写真ライブラリにアクセスします";
				INFOPLIST_KEY_UIApplicationSceneManifest_Generation = YES;
				INFOPLIST_KEY_UIApplicationSupportsIndirectInputEvents = YES;
				INFOPLIST_KEY_UILaunchScreen_Generation = YES;
				INFOPLIST_KEY_UISupportedInterfaceOrientations_iPad = "UIInterfaceOrientationPortrait UIInterfaceOrientationPortraitUpsideDown UIInterfaceOrientationLandscapeLeft UIInterfaceOrientationLandscapeRight";
				INFOPLIST_KEY_UISupportedInterfaceOrientations_iPhone = "UIInterfaceOrientationPortrait UIInterfaceOrientationLandscapeLeft UIInterfaceOrientationLandscapeRight";
				IPHONEOS_DEPLOYMENT_TARGET = 18.0;
				LD_RUNPATH_SEARCH_PATHS = (
					"$(inherited)",
					"@executable_path/Frameworks",
				);
				MARKETING_VERSION = 1.0;
				PRODUCT_BUNDLE_IDENTIFIER = com.imai.aikotoba;
				PRODUCT_NAME = "$(TARGET_NAME)";
				STRING_CATALOG_GENERATE_SYMBOLS = YES;
				SUPPORTED_PLATFORMS = "iphoneos iphonesimulator";
				SUPPORTS_MACCATALYST = NO;
				SUPPORTS_MAC_DESIGNED_FOR_IPHONE_IPAD = NO;
				SUPPORTS_XR_DESIGNED_FOR_IPHONE_IPAD = NO;
				SWIFT_APPROACHABLE_CONCURRENCY = YES;
				SWIFT_DEFAULT_ACTOR_ISOLATION = MainActor;
				SWIFT_EMIT_LOC_STRINGS = YES;
				SWIFT_UPCOMING_FEATURE_MEMBER_IMPORT_VISIBILITY = YES;
				SWIFT_VERSION = 5.0;
				TARGETED_DEVICE_FAMILY = 1;
			};
			name = Debug;
		};
		AC27132B2EE12881007C9A64 /* Release */ = {
			isa = XCBuildConfiguration;
			buildSettings = {
				ASSETCATALOG_COMPILER_APPICON_NAME = AppIcon;
				ASSETCATALOG_COMPILER_GLOBAL_ACCENT_COLOR_NAME = AccentColor;
				CODE_SIGN_STYLE = Automatic;
				CURRENT_PROJECT_VERSION = 1;
				DEVELOPMENT_TEAM = WM7939G226;
				ENABLE_PREVIEWS = YES;
				GENERATE_INFOPLIST_FILE = YES;
				INFOPLIST_KEY_NSMicrophoneUsageDescription = "ボイスメッセージを録音するために使用します";
				INFOPLIST_KEY_NSPhotoLibraryUsageDescription = "投稿する画像を選択するために写真ライブラリにアクセスします";
				INFOPLIST_KEY_UIApplicationSceneManifest_Generation = YES;
				INFOPLIST_KEY_UIApplicationSupportsIndirectInputEvents = YES;
				INFOPLIST_KEY_UILaunchScreen_Generation = YES;
				INFOPLIST_KEY_UISupportedInterfaceOrientations_iPad = "UIInterfaceOrientationPortrait UIInterfaceOrientationPortraitUpsideDown UIInterfaceOrientationLandscapeLeft UIInterfaceOrientationLandscapeRight";
				INFOPLIST_KEY_UISupportedInterfaceOrientations_iPhone = "UIInterfaceOrientationPortrait UIInterfaceOrientationLandscapeLeft UIInterfaceOrientationLandscapeRight";
				IPHONEOS_DEPLOYMENT_TARGET = 18.0;
				LD_RUNPATH_SEARCH_PATHS = (
					"$(inherited)",
					"@executable_path/Frameworks",
				);
				MARKETING_VERSION = 1.0;
				PRODUCT_BUNDLE_IDENTIFIER = com.imai.aikotoba;
				PRODUCT_NAME = "$(TARGET_NAME)";
				STRING_CATALOG_GENERATE_SYMBOLS = YES;
				SUPPORTED_PLATFORMS = "iphoneos iphonesimulator";
				SUPPORTS_MACCATALYST = NO;
				SUPPORTS_MAC_DESIGNED_FOR_IPHONE_IPAD = NO;
				SUPPORTS_XR_DESIGNED_FOR_IPHONE_IPAD = NO;
				SWIFT_APPROACHABLE_CONCURRENCY = YES;
				SWIFT_DEFAULT_ACTOR_ISOLATION = MainActor;
				SWIFT_EMIT_LOC_STRINGS = YES;
				SWIFT_UPCOMING_FEATURE_MEMBER_IMPORT_VISIBILITY = YES;
				SWIFT_VERSION = 5.0;
				TARGETED_DEVICE_FAMILY = 1;
			};
			name = Release;
		};
/* End XCBuildConfiguration section */

/* Begin XCConfigurationList section */
		AC2713192EE12880007C9A64 /* Build configuration list for PBXProject "aikotoba" */ = {
			isa = XCConfigurationList;
			buildConfigurations = (
				AC2713272EE12881007C9A64 /* Debug */,
				AC2713282EE12881007C9A64 /* Release */,
			);
			defaultConfigurationIsVisible = 0;
			defaultConfigurationName = Release;
		};
		AC2713292EE12881007C9A64 /* Build configuration list for PBXNativeTarget "aikotoba" */ = {
			isa = XCConfigurationList;
			buildConfigurations = (
				AC27132A2EE12881007C9A64 /* Debug */,
				AC27132B2EE12881007C9A64 /* Release */,
			);
			defaultConfigurationIsVisible = 0;
			defaultConfigurationName = Release;
		};
/* End XCConfigurationList section */

/* Begin XCRemoteSwiftPackageReference section */
		AC27132C2EE12A73007C9A64 /* XCRemoteSwiftPackageReference "supabase-swift" */ = {
			isa = XCRemoteSwiftPackageReference;
			repositoryURL = "https://github.com/supabase-community/supabase-swift";
			requirement = {
				kind = upToNextMajorVersion;
				minimumVersion = 2.5.1;
			};
		};
/* End XCRemoteSwiftPackageReference section */

/* Begin XCSwiftPackageProductDependency section */
		AC27132D2EE12A73007C9A64 /* PostgREST */ = {
			isa = XCSwiftPackageProductDependency;
			package = AC27132C2EE12A73007C9A64 /* XCRemoteSwiftPackageReference "supabase-swift" */;
			productName = PostgREST;
		};
		AC2713412EE199D6007C9A64 /* Auth */ = {
			isa = XCSwiftPackageProductDependency;
			package = AC27132C2EE12A73007C9A64 /* XCRemoteSwiftPackageReference "supabase-swift" */;
			productName = Auth;
		};
		AC27134A2EE19C7D007C9A64 /* Supabase */ = {
			isa = XCSwiftPackageProductDependency;
			package = AC27132C2EE12A73007C9A64 /* XCRemoteSwiftPackageReference "supabase-swift" */;
			productName = Supabase;
		};
/* End XCSwiftPackageProductDependency section */
	};
	rootObject = AC2713162EE12880007C9A64 /* Project object */;
}
